
Microsoft Visual Studio Solution File, Format Version 12.00
# Visual Studio Version 17
VisualStudioVersion = 17.0.31903.59
MinimumVisualStudioVersion = 10.0.40219.1
Project("{2150E333-8FDC-42A3-9474-1A3956D46DE8}") = "Solution items", "Solution items", "{4306E100-6034-4AE6-8AD8-B2A516FC11CF}"
	ProjectSection(SolutionItems) = preProject
		.gitattributes = .gitattributes
		.gitignore = .gitignore
		CHANGELOG.md = CHANGELOG.md
		docker-compose.Dev.Infrastructure.yaml = docker-compose.Dev.Infrastructure.yaml
		LICENSE = LICENSE
		README.md = README.md
	EndProjectSection
EndProject
Project("{2150E333-8FDC-42A3-9474-1A3956D46DE8}") = "Identity", "Identity", "{831A4035-6013-4D11-B005-6B159D7043DD}"
EndProject
Project("{9A19103F-16F7-4668-BE54-9A1E7A4F7556}") = "Identity.API", "Identity\Identity.API\Identity.API.csproj", "{5DF03A5C-ED20-4A60-9251-3C2D36154DC5}"
EndProject
Project("{9A19103F-16F7-4668-BE54-9A1E7A4F7556}") = "Identity.Application", "Identity\Identity.Application\Identity.Application.csproj", "{65EA2248-0FD6-473B-B331-5B17193BDEC4}"
EndProject
Project("{9A19103F-16F7-4668-BE54-9A1E7A4F7556}") = "Identity.Infrastructure", "Identity\Identity.Infrastructure\Identity.Infrastructure.csproj", "{6F98ACE1-F007-4C10-B8E5-9751C8D9ABEC}"
EndProject
Project("{2150E333-8FDC-42A3-9474-1A3956D46DE8}") = "Product", "Product", "{A7980C86-4910-4E0A-83C9-B236032725F1}"
EndProject
Project("{9A19103F-16F7-4668-BE54-9A1E7A4F7556}") = "Product.API", "Product\Product.API\Product.API.csproj", "{414C7145-471A-4502-95D9-C8C35C5CC83D}"
EndProject
Project("{9A19103F-16F7-4668-BE54-9A1E7A4F7556}") = "Product.Application", "Product\Product.Application\Product.Application.csproj", "{BD62487A-D4FC-43A1-8480-E125EBDAAA60}"
EndProject
Project("{9A19103F-16F7-4668-BE54-9A1E7A4F7556}") = "Product.Domain", "Product\Product.Domain\Product.Domain.csproj", "{C89ACEFC-3E3B-4691-9F6A-5E3E8FBFF2D0}"
EndProject
Project("{9A19103F-16F7-4668-BE54-9A1E7A4F7556}") = "Product.Infrastructure", "Product\Product.Infrastructure\Product.Infrastructure.csproj", "{15E5C3A1-8FA7-4A16-A16A-EF2B6C94DD70}"
EndProject
Project("{2150E333-8FDC-42A3-9474-1A3956D46DE8}") = "Gateway", "Gateway", "{42627739-B30D-47B0-B967-805BE60274DF}"
EndProject
Project("{9A19103F-16F7-4668-BE54-9A1E7A4F7556}") = "APIGateway", "Gateway\APIGateway\APIGateway.csproj", "{9B723757-5263-4993-A7FB-70129BA84CEC}"
EndProject
Project("{2150E333-8FDC-42A3-9474-1A3956D46DE8}") = "RabbitMQ", "RabbitMQ", "{76965AEE-11C4-4957-9473-33A8456EFD89}"
EndProject
Project("{9A19103F-16F7-4668-BE54-9A1E7A4F7556}") = "MasstransitRabbitMQ.Producer.API", "RabbitMQ\MasstransitRabbitMQ.Producer.API\MasstransitRabbitMQ.Producer.API.csproj", "{66218170-3106-4B7C-9A68-9EC59DAC4060}"
EndProject
Project("{9A19103F-16F7-4668-BE54-9A1E7A4F7556}") = "MasstransitRabbitMQ.Contract", "RabbitMQ\MasstransitRabbitMQ.Contract\MasstransitRabbitMQ.Contract.csproj", "{BF05BA5A-DFB8-49F6-AADD-98D7C617B36A}"
EndProject
Project("{9A19103F-16F7-4668-BE54-9A1E7A4F7556}") = "MasstransitRabbitMQ.Consumer.API", "RabbitMQ\MasstransitRabbitMQ.Consumer.API\MasstransitRabbitMQ.Consumer.API.csproj", "{4C13EA31-C41C-49F0-9C6E-8A3911FD27AE}"
EndProject
Project("{2150E333-8FDC-42A3-9474-1A3956D46DE8}") = "Order", "Order", "{36152008-6CB7-4C56-BB76-E7B9651B7820}"
EndProject
Project("{FAE04EC0-301F-11D3-BF4B-00C04F79EFBC}") = "Order.Application", "Order\Order.Application\Order.Application.csproj", "{CE578109-4D12-4A43-8B25-22F47BAE2CA8}"
EndProject
Project("{FAE04EC0-301F-11D3-BF4B-00C04F79EFBC}") = "Order.Domain", "Order\Order.Domain\Order.Domain.csproj", "{6B3E8EE4-EB27-4E22-A864-F73C2FE2D576}"
EndProject
Project("{FAE04EC0-301F-11D3-BF4B-00C04F79EFBC}") = "Order.API", "Order\Order.API\Order.API.csproj", "{74454F39-837F-4A4A-8537-E2EC85D50DA8}"
EndProject
Project("{FAE04EC0-301F-11D3-BF4B-00C04F79EFBC}") = "Product.Presentation", "Product\Product.Presentation\Product.Presentation.csproj", "{45BCB680-88A2-49E9-8FFB-3D8444774958}"
EndProject
Project("{FAE04EC0-301F-11D3-BF4B-00C04F79EFBC}") = "Order.Presentation", "Order\Order.Presentation\Order.Presentation.csproj", "{F3898579-139C-4E51-8C6E-3BAFA78D91CB}"
EndProject
Project("{FAE04EC0-301F-11D3-BF4B-00C04F79EFBC}") = "Order.Infrastructure", "Order\Order.Infrastructure\Order.Infrastructure.csproj", "{3D3DA7AE-37AE-4A26-9D3B-49B7E98D5512}"
EndProject
Project("{2150E333-8FDC-42A3-9474-1A3956D46DE8}") = "Payment", "Payment", "{520CB1C7-E819-442C-BB60-2FC96080DECD}"
EndProject
Project("{FAE04EC0-301F-11D3-BF4B-00C04F79EFBC}") = "Identity.Domain", "Identity\Identity.Domain\Identity.Domain.csproj", "{583511ED-6A27-45F3-8C4F-60EBA0A14445}"
EndProject
Project("{FAE04EC0-301F-11D3-BF4B-00C04F79EFBC}") = "Payment.API", "Payment\Payment.API\Payment.API.csproj", "{B8CBDA2F-40C0-49CF-975D-B76AD8C80899}"
EndProject
Project("{FAE04EC0-301F-11D3-BF4B-00C04F79EFBC}") = "Payment.Domain", "Payment\Payment.Domain\Payment.Domain.csproj", "{F892CA45-833E-46D5-AB43-B9729724E0F7}"
EndProject
Project("{FAE04EC0-301F-11D3-BF4B-00C04F79EFBC}") = "Payment.Application", "Payment\Payment.Application\Payment.Application.csproj", "{35120AB2-567D-45A9-9F68-FCCB9EEF36F9}"
EndProject
Project("{FAE04EC0-301F-11D3-BF4B-00C04F79EFBC}") = "Payment.Infrastructure", "Payment\Payment.Infrastructure\Payment.Infrastructure.csproj", "{49ADE8F1-93F0-4B3B-A973-C14537F590C9}"
EndProject
Project("{FAE04EC0-301F-11D3-BF4B-00C04F79EFBC}") = "Payment.Presentation", "Payment\Payment.Presentation\Payment.Presentation.csproj", "{6BF1520C-CA1D-411C-957A-A0FAD347B7F5}"
EndProject
Project("{FAE04EC0-301F-11D3-BF4B-00C04F79EFBC}") = "Payment.Infrastructure.PayOS", "Payment\Payment.Infrastructure.PayOS\Payment.Infrastructure.PayOS.csproj", "{AB9E4EE0-8182-49EC-AB25-A8B327C8CBB0}"
EndProject
Project("{FAE04EC0-301F-11D3-BF4B-00C04F79EFBC}") = "Order.Infrastructure.RabbitMQ", "Order\Order.Infrastructure.RabbitMQ\Order.Infrastructure.RabbitMQ.csproj", "{E650E13F-49C3-4AF8-8C40-D0D2BAD30E41}"
EndProject
Project("{FAE04EC0-301F-11D3-BF4B-00C04F79EFBC}") = "Payment.Infrastructure.RabbitMQ", "Payment\Payment.Infrastructure.RabbitMQ\Payment.Infrastructure.RabbitMQ.csproj", "{21EAEE75-3831-4950-B700-1738A2F32C39}"
EndProject
Global
	GlobalSection(SolutionConfigurationPlatforms) = preSolution
		Debug|Any CPU = Debug|Any CPU
		Release|Any CPU = Release|Any CPU
	EndGlobalSection
	GlobalSection(ProjectConfigurationPlatforms) = postSolution
		{5DF03A5C-ED20-4A60-9251-3C2D36154DC5}.Debug|Any CPU.ActiveCfg = Debug|Any CPU
		{5DF03A5C-ED20-4A60-9251-3C2D36154DC5}.Debug|Any CPU.Build.0 = Debug|Any CPU
		{5DF03A5C-ED20-4A60-9251-3C2D36154DC5}.Release|Any CPU.ActiveCfg = Release|Any CPU
		{5DF03A5C-ED20-4A60-9251-3C2D36154DC5}.Release|Any CPU.Build.0 = Release|Any CPU
		{65EA2248-0FD6-473B-B331-5B17193BDEC4}.Debug|Any CPU.ActiveCfg = Debug|Any CPU
		{65EA2248-0FD6-473B-B331-5B17193BDEC4}.Debug|Any CPU.Build.0 = Debug|Any CPU
		{65EA2248-0FD6-473B-B331-5B17193BDEC4}.Release|Any CPU.ActiveCfg = Release|Any CPU
		{65EA2248-0FD6-473B-B331-5B17193BDEC4}.Release|Any CPU.Build.0 = Release|Any CPU
		{6F98ACE1-F007-4C10-B8E5-9751C8D9ABEC}.Debug|Any CPU.ActiveCfg = Debug|Any CPU
		{6F98ACE1-F007-4C10-B8E5-9751C8D9ABEC}.Debug|Any CPU.Build.0 = Debug|Any CPU
		{6F98ACE1-F007-4C10-B8E5-9751C8D9ABEC}.Release|Any CPU.ActiveCfg = Release|Any CPU
		{6F98ACE1-F007-4C10-B8E5-9751C8D9ABEC}.Release|Any CPU.Build.0 = Release|Any CPU
		{414C7145-471A-4502-95D9-C8C35C5CC83D}.Debug|Any CPU.ActiveCfg = Debug|Any CPU
		{414C7145-471A-4502-95D9-C8C35C5CC83D}.Debug|Any CPU.Build.0 = Debug|Any CPU
		{414C7145-471A-4502-95D9-C8C35C5CC83D}.Release|Any CPU.ActiveCfg = Release|Any CPU
		{414C7145-471A-4502-95D9-C8C35C5CC83D}.Release|Any CPU.Build.0 = Release|Any CPU
		{BD62487A-D4FC-43A1-8480-E125EBDAAA60}.Debug|Any CPU.ActiveCfg = Debug|Any CPU
		{BD62487A-D4FC-43A1-8480-E125EBDAAA60}.Debug|Any CPU.Build.0 = Debug|Any CPU
		{BD62487A-D4FC-43A1-8480-E125EBDAAA60}.Release|Any CPU.ActiveCfg = Release|Any CPU
		{BD62487A-D4FC-43A1-8480-E125EBDAAA60}.Release|Any CPU.Build.0 = Release|Any CPU
		{C89ACEFC-3E3B-4691-9F6A-5E3E8FBFF2D0}.Debug|Any CPU.ActiveCfg = Debug|Any CPU
		{C89ACEFC-3E3B-4691-9F6A-5E3E8FBFF2D0}.Debug|Any CPU.Build.0 = Debug|Any CPU
		{C89ACEFC-3E3B-4691-9F6A-5E3E8FBFF2D0}.Release|Any CPU.ActiveCfg = Release|Any CPU
		{C89ACEFC-3E3B-4691-9F6A-5E3E8FBFF2D0}.Release|Any CPU.Build.0 = Release|Any CPU
		{15E5C3A1-8FA7-4A16-A16A-EF2B6C94DD70}.Debug|Any CPU.ActiveCfg = Debug|Any CPU
		{15E5C3A1-8FA7-4A16-A16A-EF2B6C94DD70}.Debug|Any CPU.Build.0 = Debug|Any CPU
		{15E5C3A1-8FA7-4A16-A16A-EF2B6C94DD70}.Release|Any CPU.ActiveCfg = Release|Any CPU
		{15E5C3A1-8FA7-4A16-A16A-EF2B6C94DD70}.Release|Any CPU.Build.0 = Release|Any CPU
		{9B723757-5263-4993-A7FB-70129BA84CEC}.Debug|Any CPU.ActiveCfg = Debug|Any CPU
		{9B723757-5263-4993-A7FB-70129BA84CEC}.Debug|Any CPU.Build.0 = Debug|Any CPU
		{9B723757-5263-4993-A7FB-70129BA84CEC}.Release|Any CPU.ActiveCfg = Release|Any CPU
		{9B723757-5263-4993-A7FB-70129BA84CEC}.Release|Any CPU.Build.0 = Release|Any CPU
		{66218170-3106-4B7C-9A68-9EC59DAC4060}.Debug|Any CPU.ActiveCfg = Debug|Any CPU
		{66218170-3106-4B7C-9A68-9EC59DAC4060}.Debug|Any CPU.Build.0 = Debug|Any CPU
		{66218170-3106-4B7C-9A68-9EC59DAC4060}.Release|Any CPU.ActiveCfg = Release|Any CPU
		{66218170-3106-4B7C-9A68-9EC59DAC4060}.Release|Any CPU.Build.0 = Release|Any CPU
		{BF05BA5A-DFB8-49F6-AADD-98D7C617B36A}.Debug|Any CPU.ActiveCfg = Debug|Any CPU
		{BF05BA5A-DFB8-49F6-AADD-98D7C617B36A}.Debug|Any CPU.Build.0 = Debug|Any CPU
		{BF05BA5A-DFB8-49F6-AADD-98D7C617B36A}.Release|Any CPU.ActiveCfg = Release|Any CPU
		{BF05BA5A-DFB8-49F6-AADD-98D7C617B36A}.Release|Any CPU.Build.0 = Release|Any CPU
		{4C13EA31-C41C-49F0-9C6E-8A3911FD27AE}.Debug|Any CPU.ActiveCfg = Debug|Any CPU
		{4C13EA31-C41C-49F0-9C6E-8A3911FD27AE}.Debug|Any CPU.Build.0 = Debug|Any CPU
		{4C13EA31-C41C-49F0-9C6E-8A3911FD27AE}.Release|Any CPU.ActiveCfg = Release|Any CPU
		{4C13EA31-C41C-49F0-9C6E-8A3911FD27AE}.Release|Any CPU.Build.0 = Release|Any CPU
		{CE578109-4D12-4A43-8B25-22F47BAE2CA8}.Debug|Any CPU.ActiveCfg = Debug|Any CPU
		{CE578109-4D12-4A43-8B25-22F47BAE2CA8}.Debug|Any CPU.Build.0 = Debug|Any CPU
		{CE578109-4D12-4A43-8B25-22F47BAE2CA8}.Release|Any CPU.ActiveCfg = Release|Any CPU
		{CE578109-4D12-4A43-8B25-22F47BAE2CA8}.Release|Any CPU.Build.0 = Release|Any CPU
		{6B3E8EE4-EB27-4E22-A864-F73C2FE2D576}.Debug|Any CPU.ActiveCfg = Debug|Any CPU
		{6B3E8EE4-EB27-4E22-A864-F73C2FE2D576}.Debug|Any CPU.Build.0 = Debug|Any CPU
		{6B3E8EE4-EB27-4E22-A864-F73C2FE2D576}.Release|Any CPU.ActiveCfg = Release|Any CPU
		{6B3E8EE4-EB27-4E22-A864-F73C2FE2D576}.Release|Any CPU.Build.0 = Release|Any CPU
		{74454F39-837F-4A4A-8537-E2EC85D50DA8}.Debug|Any CPU.ActiveCfg = Debug|Any CPU
		{74454F39-837F-4A4A-8537-E2EC85D50DA8}.Debug|Any CPU.Build.0 = Debug|Any CPU
		{74454F39-837F-4A4A-8537-E2EC85D50DA8}.Release|Any CPU.ActiveCfg = Release|Any CPU
		{74454F39-837F-4A4A-8537-E2EC85D50DA8}.Release|Any CPU.Build.0 = Release|Any CPU
		{45BCB680-88A2-49E9-8FFB-3D8444774958}.Debug|Any CPU.ActiveCfg = Debug|Any CPU
		{45BCB680-88A2-49E9-8FFB-3D8444774958}.Debug|Any CPU.Build.0 = Debug|Any CPU
		{45BCB680-88A2-49E9-8FFB-3D8444774958}.Release|Any CPU.ActiveCfg = Release|Any CPU
		{45BCB680-88A2-49E9-8FFB-3D8444774958}.Release|Any CPU.Build.0 = Release|Any CPU
		{F3898579-139C-4E51-8C6E-3BAFA78D91CB}.Debug|Any CPU.ActiveCfg = Debug|Any CPU
		{F3898579-139C-4E51-8C6E-3BAFA78D91CB}.Debug|Any CPU.Build.0 = Debug|Any CPU
		{F3898579-139C-4E51-8C6E-3BAFA78D91CB}.Release|Any CPU.ActiveCfg = Release|Any CPU
		{F3898579-139C-4E51-8C6E-3BAFA78D91CB}.Release|Any CPU.Build.0 = Release|Any CPU
		{3D3DA7AE-37AE-4A26-9D3B-49B7E98D5512}.Debug|Any CPU.ActiveCfg = Debug|Any CPU
		{3D3DA7AE-37AE-4A26-9D3B-49B7E98D5512}.Debug|Any CPU.Build.0 = Debug|Any CPU
		{3D3DA7AE-37AE-4A26-9D3B-49B7E98D5512}.Release|Any CPU.ActiveCfg = Release|Any CPU
		{3D3DA7AE-37AE-4A26-9D3B-49B7E98D5512}.Release|Any CPU.Build.0 = Release|Any CPU
		{583511ED-6A27-45F3-8C4F-60EBA0A14445}.Debug|Any CPU.ActiveCfg = Debug|Any CPU
		{583511ED-6A27-45F3-8C4F-60EBA0A14445}.Debug|Any CPU.Build.0 = Debug|Any CPU
		{583511ED-6A27-45F3-8C4F-60EBA0A14445}.Release|Any CPU.ActiveCfg = Release|Any CPU
		{583511ED-6A27-45F3-8C4F-60EBA0A14445}.Release|Any CPU.Build.0 = Release|Any CPU
		{B8CBDA2F-40C0-49CF-975D-B76AD8C80899}.Debug|Any CPU.ActiveCfg = Debug|Any CPU
		{B8CBDA2F-40C0-49CF-975D-B76AD8C80899}.Debug|Any CPU.Build.0 = Debug|Any CPU
		{B8CBDA2F-40C0-49CF-975D-B76AD8C80899}.Release|Any CPU.ActiveCfg = Release|Any CPU
		{B8CBDA2F-40C0-49CF-975D-B76AD8C80899}.Release|Any CPU.Build.0 = Release|Any CPU
		{F892CA45-833E-46D5-AB43-B9729724E0F7}.Debug|Any CPU.ActiveCfg = Debug|Any CPU
		{F892CA45-833E-46D5-AB43-B9729724E0F7}.Debug|Any CPU.Build.0 = Debug|Any CPU
		{F892CA45-833E-46D5-AB43-B9729724E0F7}.Release|Any CPU.ActiveCfg = Release|Any CPU
		{F892CA45-833E-46D5-AB43-B9729724E0F7}.Release|Any CPU.Build.0 = Release|Any CPU
		{35120AB2-567D-45A9-9F68-FCCB9EEF36F9}.Debug|Any CPU.ActiveCfg = Debug|Any CPU
		{35120AB2-567D-45A9-9F68-FCCB9EEF36F9}.Debug|Any CPU.Build.0 = Debug|Any CPU
		{35120AB2-567D-45A9-9F68-FCCB9EEF36F9}.Release|Any CPU.ActiveCfg = Release|Any CPU
		{35120AB2-567D-45A9-9F68-FCCB9EEF36F9}.Release|Any CPU.Build.0 = Release|Any CPU
		{49ADE8F1-93F0-4B3B-A973-C14537F590C9}.Debug|Any CPU.ActiveCfg = Debug|Any CPU
		{49ADE8F1-93F0-4B3B-A973-C14537F590C9}.Debug|Any CPU.Build.0 = Debug|Any CPU
		{49ADE8F1-93F0-4B3B-A973-C14537F590C9}.Release|Any CPU.ActiveCfg = Release|Any CPU
		{49ADE8F1-93F0-4B3B-A973-C14537F590C9}.Release|Any CPU.Build.0 = Release|Any CPU
		{6BF1520C-CA1D-411C-957A-A0FAD347B7F5}.Debug|Any CPU.ActiveCfg = Debug|Any CPU
		{6BF1520C-CA1D-411C-957A-A0FAD347B7F5}.Debug|Any CPU.Build.0 = Debug|Any CPU
		{6BF1520C-CA1D-411C-957A-A0FAD347B7F5}.Release|Any CPU.ActiveCfg = Release|Any CPU
		{6BF1520C-CA1D-411C-957A-A0FAD347B7F5}.Release|Any CPU.Build.0 = Release|Any CPU
		{AB9E4EE0-8182-49EC-AB25-A8B327C8CBB0}.Debug|Any CPU.ActiveCfg = Debug|Any CPU
		{AB9E4EE0-8182-49EC-AB25-A8B327C8CBB0}.Debug|Any CPU.Build.0 = Debug|Any CPU
		{AB9E4EE0-8182-49EC-AB25-A8B327C8CBB0}.Release|Any CPU.ActiveCfg = Release|Any CPU
		{AB9E4EE0-8182-49EC-AB25-A8B327C8CBB0}.Release|Any CPU.Build.0 = Release|Any CPU
		{E650E13F-49C3-4AF8-8C40-D0D2BAD30E41}.Debug|Any CPU.ActiveCfg = Debug|Any CPU
		{E650E13F-49C3-4AF8-8C40-D0D2BAD30E41}.Debug|Any CPU.Build.0 = Debug|Any CPU
		{E650E13F-49C3-4AF8-8C40-D0D2BAD30E41}.Release|Any CPU.ActiveCfg = Release|Any CPU
		{E650E13F-49C3-4AF8-8C40-D0D2BAD30E41}.Release|Any CPU.Build.0 = Release|Any CPU
		{21EAEE75-3831-4950-B700-1738A2F32C39}.Debug|Any CPU.ActiveCfg = Debug|Any CPU
		{21EAEE75-3831-4950-B700-1738A2F32C39}.Debug|Any CPU.Build.0 = Debug|Any CPU
		{21EAEE75-3831-4950-B700-1738A2F32C39}.Release|Any CPU.ActiveCfg = Release|Any CPU
		{21EAEE75-3831-4950-B700-1738A2F32C39}.Release|Any CPU.Build.0 = Release|Any CPU
	EndGlobalSection
	GlobalSection(SolutionProperties) = preSolution
		HideSolutionNode = FALSE
	EndGlobalSection
	GlobalSection(NestedProjects) = preSolution
		{5DF03A5C-ED20-4A60-9251-3C2D36154DC5} = {831A4035-6013-4D11-B005-6B159D7043DD}
		{65EA2248-0FD6-473B-B331-5B17193BDEC4} = {831A4035-6013-4D11-B005-6B159D7043DD}
		{6F98ACE1-F007-4C10-B8E5-9751C8D9ABEC} = {831A4035-6013-4D11-B005-6B159D7043DD}
		{414C7145-471A-4502-95D9-C8C35C5CC83D} = {A7980C86-4910-4E0A-83C9-B236032725F1}
		{BD62487A-D4FC-43A1-8480-E125EBDAAA60} = {A7980C86-4910-4E0A-83C9-B236032725F1}
		{C89ACEFC-3E3B-4691-9F6A-5E3E8FBFF2D0} = {A7980C86-4910-4E0A-83C9-B236032725F1}
		{15E5C3A1-8FA7-4A16-A16A-EF2B6C94DD70} = {A7980C86-4910-4E0A-83C9-B236032725F1}
		{9B723757-5263-4993-A7FB-70129BA84CEC} = {42627739-B30D-47B0-B967-805BE60274DF}
		{66218170-3106-4B7C-9A68-9EC59DAC4060} = {76965AEE-11C4-4957-9473-33A8456EFD89}
		{BF05BA5A-DFB8-49F6-AADD-98D7C617B36A} = {76965AEE-11C4-4957-9473-33A8456EFD89}
		{4C13EA31-C41C-49F0-9C6E-8A3911FD27AE} = {76965AEE-11C4-4957-9473-33A8456EFD89}
		{CE578109-4D12-4A43-8B25-22F47BAE2CA8} = {36152008-6CB7-4C56-BB76-E7B9651B7820}
		{6B3E8EE4-EB27-4E22-A864-F73C2FE2D576} = {36152008-6CB7-4C56-BB76-E7B9651B7820}
		{74454F39-837F-4A4A-8537-E2EC85D50DA8} = {36152008-6CB7-4C56-BB76-E7B9651B7820}
		{45BCB680-88A2-49E9-8FFB-3D8444774958} = {A7980C86-4910-4E0A-83C9-B236032725F1}
		{F3898579-139C-4E51-8C6E-3BAFA78D91CB} = {36152008-6CB7-4C56-BB76-E7B9651B7820}
		{3D3DA7AE-37AE-4A26-9D3B-49B7E98D5512} = {36152008-6CB7-4C56-BB76-E7B9651B7820}
		{583511ED-6A27-45F3-8C4F-60EBA0A14445} = {831A4035-6013-4D11-B005-6B159D7043DD}
		{B8CBDA2F-40C0-49CF-975D-B76AD8C80899} = {520CB1C7-E819-442C-BB60-2FC96080DECD}
		{F892CA45-833E-46D5-AB43-B9729724E0F7} = {520CB1C7-E819-442C-BB60-2FC96080DECD}
		{35120AB2-567D-45A9-9F68-FCCB9EEF36F9} = {520CB1C7-E819-442C-BB60-2FC96080DECD}
		{49ADE8F1-93F0-4B3B-A973-C14537F590C9} = {520CB1C7-E819-442C-BB60-2FC96080DECD}
		{6BF1520C-CA1D-411C-957A-A0FAD347B7F5} = {520CB1C7-E819-442C-BB60-2FC96080DECD}
		{AB9E4EE0-8182-49EC-AB25-A8B327C8CBB0} = {520CB1C7-E819-442C-BB60-2FC96080DECD}
		{E650E13F-49C3-4AF8-8C40-D0D2BAD30E41} = {36152008-6CB7-4C56-BB76-E7B9651B7820}
		{21EAEE75-3831-4950-B700-1738A2F32C39} = {520CB1C7-E819-442C-BB60-2FC96080DECD}
	EndGlobalSection
	GlobalSection(ExtensibilityGlobals) = postSolution
		SolutionGuid = {C4F00906-90C0-4CDB-AE97-14DC30CBEEF2}
	EndGlobalSection
EndGlobal
